SITE
  remote: http://community.opscode.com/api/v1
  specs:
    apt (2.3.0)
    build-essential (1.4.2)
    chef_handler (1.1.4)
    dmg (2.0.8)
    git (2.7.0)
      build-essential (>= 0.0.0)
      dmg (>= 0.0.0)
      runit (>= 1.0.0)
      windows (>= 0.0.0)
      yum (>= 0.0.0)
    node (1.0.1)
      git (>= 0.0.0)
      runit (>= 0.0.0)
    runit (1.4.0)
      build-essential (>= 0.0.0)
      yum (>= 0.0.0)
    ubuntu (1.1.2)
      apt (>= 0.0.0)
    windows (1.11.0)
      chef_handler (>= 0.0.0)
    yum (2.4.2)

DEPENDENCIES
  apt (>= 0)
  build-essential (>= 0)
  git (>= 0)
  node (>= 0)
  ubuntu (>= 0)

